{
  "name": "american-mahjong-assistant",
  "lockfileVersion": 3,
  "requires": true,
  "packages": {
    "": {
      "devDependencies": {
        "@rollup/plugin-alias": "^5.1.1"
      }
    },
    "node_modules/@rollup/plugin-alias": {
      "version": "5.1.1",
      "resolved": "https://registry.npmjs.org/@rollup/plugin-alias/-/plugin-alias-5.1.1.tgz",
      "integrity": "sha512-PR9zDb+rOzkRb2VD+EuKB7UC41vU5DIwZ5qqCpk0KJudcWAyi8rvYOhS7+L5aZCspw1stTViLgN5v6FF1p5cgQ==",
      "dev": true,
      "license": "MIT",
      "engines": {
        "node": ">=14.0.0"
      },
      "peerDependencies": {
        "rollup": "^1.20.0||^2.0.0||^3.0.0||^4.0.0"
      },
      "peerDependenciesMeta": {
        "rollup": {
          "optional": true
        }
      }
    }
  }
}
